// !$*UTF8*$!
{
	archiveVersion = 1;
	classes = {
	};
	objectVersion = 46;
	objects = {

/* Begin PBXBuildFile section */
		E500DB741B3C11610095EFF2 /* AppDelegate.swift in Sources */ = {isa = PBXBuildFile; fileRef = E500DB731B3C11610095EFF2 /* AppDelegate.swift */; };
		E500DB761B3C11610095EFF2 /* ViewController.swift in Sources */ = {isa = PBXBuildFile; fileRef = E500DB751B3C11610095EFF2 /* ViewController.swift */; };
		E500DB791B3C11610095EFF2 /* Main.storyboard in Resources */ = {isa = PBXBuildFile; fileRef = E500DB771B3C11610095EFF2 /* Main.storyboard */; };
		E500DB7B1B3C11610095EFF2 /* Images.xcassets in Resources */ = {isa = PBXBuildFile; fileRef = E500DB7A1B3C11610095EFF2 /* Images.xcassets */; };
		E500DB7E1B3C11610095EFF2 /* LaunchScreen.xib in Resources */ = {isa = PBXBuildFile; fileRef = E500DB7C1B3C11610095EFF2 /* LaunchScreen.xib */; };
		E500DB8A1B3C11610095EFF2 /* ShowAlertViewTests.swift in Sources */ = {isa = PBXBuildFile; fileRef = E500DB891B3C11610095EFF2 /* ShowAlertViewTests.swift */; };
/* End PBXBuildFile section */

/* Begin PBXContainerItemProxy section */
		E500DB841B3C11610095EFF2 /* PBXContainerItemProxy */ = {
			isa = PBXContainerItemProxy;
			containerPortal = E500DB661B3C11610095EFF2 /* Project object */;
			proxyType = 1;
			remoteGlobalIDString = E500DB6D1B3C11610095EFF2;
			remoteInfo = ShowAlertView;
		};
/* End PBXContainerItemProxy section */

/* Begin PBXFileReference section */
		E500DB6E1B3C11610095EFF2 /* ShowAlertView.app */ = {isa = PBXFileReference; explicitFileType = wrapper.application; includeInIndex = 0; path = ShowAlertView.app; sourceTree = BUILT_PRODUCTS_DIR; };
		E500DB721B3C11610095EFF2 /* Info.plist */ = {isa = PBXFileReference; lastKnownFileType = text.plist.xml; path = Info.plist; sourceTree = "<group>"; };
		E500DB731B3C11610095EFF2 /* AppDelegate.swift */ = {isa = PBXFileReference; lastKnownFileType = sourcecode.swift; path = AppDelegate.swift; sourceTree = "<group>"; };
		E500DB751B3C11610095EFF2 /* ViewController.swift */ = {isa = PBXFileReference; lastKnownFileType = sourcecode.swift; path = ViewController.swift; sourceTree = "<group>"; };
		E500DB781B3C11610095EFF2 /* Base */ = {isa = PBXFileReference; lastKnownFileType = file.storyboard; name = Base; path = Base.lproj/Main.storyboard; sourceTree = "<group>"; };
		E500DB7A1B3C11610095EFF2 /* Images.xcassets */ = {isa = PBXFileReference; lastKnownFileType = folder.assetcatalog; path = Images.xcassets; sourceTree = "<group>"; };
		E500DB7D1B3C11610095EFF2 /* Base */ = {isa = PBXFileReference; lastKnownFileType = file.xib; name = Base; path = Base.lproj/LaunchScreen.xib; sourceTree = "<group>"; };
		E500DB831B3C11610095EFF2 /* ShowAlertViewTests.xctest */ = {isa = PBXFileReference; explicitFileType = wrapper.cfbundle; includeInIndex = 0; path = ShowAlertViewTests.xctest; sourceTree = BUILT_PRODUCTS_DIR; };
		E500DB881B3C11610095EFF2 /* Info.plist */ = {isa = PBXFileReference; lastKnownFileType = text.plist.xml; path = Info.plist; sourceTree = "<group>"; };
		E500DB891B3C11610095EFF2 /* ShowAlertViewTests.swift */ = {isa = PBXFileReference; lastKnownFileType = sourcecode.swift; path = ShowAlertViewTests.swift; sourceTree = "<group>"; };
/* End PBXFileReference section */

/* Begin PBXFrameworksBuildPhase section */
		E500DB6B1B3C11610095EFF2 /* Frameworks */ = {
			isa = PBXFrameworksBuildPhase;
			buildActionMask = 2147483647;
			files = (
			);
			runOnlyForDeploymentPostprocessing = 0;
		};
		E500DB801B3C11610095EFF2 /* Frameworks */ = {
			isa = PBXFrameworksBuildPhase;
			buildActionMask = 2147483647;
			files = (
			);
			runOnlyForDeploymentPostprocessing = 0;
		};
/* End PBXFrameworksBuildPhase section */

/* Begin PBXGroup section */
		E500DB651B3C11610095EFF2 = {
			isa = PBXGroup;
			children = (
				E500DB701B3C11610095EFF2 /* ShowAlertView */,
				E500DB861B3C11610095EFF2 /* ShowAlertViewTests */,
				E500DB6F1B3C11610095EFF2 /* Products */,
			);
			sourceTree = "<group>";
		};
		E500DB6F1B3C11610095EFF2 /* Products */ = {
			isa = PBXGroup;
			children = (
				E500DB6E1B3C11610095EFF2 /* ShowAlertView.app */,
				E500DB831B3C11610095EFF2 /* ShowAlertViewTests.xctest */,
			);
			name = Products;
			sourceTree = "<group>";
		};
		E500DB701B3C11610095EFF2 /* ShowAlertView */ = {
			isa = PBXGroup;
			children = (
				E500DB731B3C11610095EFF2 /* AppDelegate.swift */,
				E500DB751B3C11610095EFF2 /* ViewController.swift */,
				E500DB771B3C11610095EFF2 /* Main.storyboard */,
				E500DB7A1B3C11610095EFF2 /* Images.xcassets */,
				E500DB7C1B3C11610095EFF2 /* LaunchScreen.xib */,
				E500DB711B3C11610095EFF2 /* Supporting Files */,
			);
			path = ShowAlertView;
			sourceTree = "<group>";
		};
		E500DB711B3C11610095EFF2 /* Supporting Files */ = {
			isa = PBXGroup;
			children = (
				E500DB721B3C11610095EFF2 /* Info.plist */,
			);
			name = "Supporting Files";
			sourceTree = "<group>";
		};
		E500DB861B3C11610095EFF2 /* ShowAlertViewTests */ = {
			isa = PBXGroup;
			children = (
				E500DB891B3C11610095EFF2 /* ShowAlertViewTests.swift */,
				E500DB871B3C11610095EFF2 /* Supporting Files */,
			);
			path = ShowAlertViewTests;
			sourceTree = "<group>";
		};
		E500DB871B3C11610095EFF2 /* Supporting Files */ = {
			isa = PBXGroup;
			children = (
				E500DB881B3C11610095EFF2 /* Info.plist */,
			);
			name = "Supporting Files";
			sourceTree = "<group>";
		};
/* End PBXGroup section */

/* Begin PBXNativeTarget section */
		E500DB6D1B3C11610095EFF2 /* ShowAlertView */ = {
			isa = PBXNativeTarget;
			buildConfigurationList = E500DB8D1B3C11610095EFF2 /* Build configuration list for PBXNativeTarget "ShowAlertView" */;
			buildPhases = (
				E500DB6A1B3C11610095EFF2 /* Sources */,
				E500DB6B1B3C11610095EFF2 /* Frameworks */,
				E500DB6C1B3C11610095EFF2 /* Resources */,
			);
			buildRules = (
			);
			dependencies = (
			);
			name = ShowAlertView;
			productName = ShowAlertView;
			productReference = E500DB6E1B3C11610095EFF2 /* ShowAlertView.app */;
			productType = "com.apple.product-type.application";
		};
		E500DB821B3C11610095EFF2 /* ShowAlertViewTests */ = {
			isa = PBXNativeTarget;
			buildConfigurationList = E500DB901B3C11610095EFF2 /* Build configuration list for PBXNativeTarget "ShowAlertViewTests" */;
			buildPhases = (
				E500DB7F1B3C11610095EFF2 /* Sources */,
				E500DB801B3C11610095EFF2 /* Frameworks */,
				E500DB811B3C11610095EFF2 /* Resources */,
			);
			buildRules = (
			);
			dependencies = (
				E500DB851B3C11610095EFF2 /* PBXTargetDependency */,
			);
			name = ShowAlertViewTests;
			productName = ShowAlertViewTests;
			productReference = E500DB831B3C11610095EFF2 /* ShowAlertViewTests.xctest */;
			productType = "com.apple.product-type.bundle.unit-test";
		};
/* End PBXNativeTarget section */

/* Begin PBXProject section */
		E500DB661B3C11610095EFF2 /* Project object */ = {
			isa = PBXProject;
			attributes = {
				LastUpgradeCheck = 0630;
				ORGANIZATIONNAME = "Huang Jian-Yu";
				TargetAttributes = {
					E500DB6D1B3C11610095EFF2 = {
						CreatedOnToolsVersion = 6.3.2;
					};
					E500DB821B3C11610095EFF2 = {
						CreatedOnToolsVersion = 6.3.2;
						TestTargetID = E500DB6D1B3C11610095EFF2;
					};
				};
			};
			buildConfigurationList = E500DB691B3C11610095EFF2 /* Build configuration list for PBXProject "ShowAlertView" */;
			compatibilityVersion = "Xcode 3.2";
			developmentRegion = English;
			hasScannedForEncodings = 0;
			knownRegions = (
				en,
				Base,
			);
			mainGroup = E500DB651B3C11610095EFF2;
			productRefGroup = E500DB6F1B3C11610095EFF2 /* Products */;
			projectDirPath = "";
			projectRoot = "";
			targets = (
				E500DB6D1B3C11610095EFF2 /* ShowAlertView */,
				E500DB821B3C11610095EFF2 /* ShowAlertViewTests */,
			);
		};
/* End PBXProject section */

/* Begin PBXResourcesBuildPhase section */
		E500DB6C1B3C11610095EFF2 /* Resources */ = {
			isa = PBXResourcesBuildPhase;
			buildActionMask = 2147483647;
			files = (
				E500DB791B3C11610095EFF2 /* Main.storyboard in Resources */,
				E500DB7E1B3C11610095EFF2 /* LaunchScreen.xib in Resources */,
				E500DB7B1B3C11610095EFF2 /* Images.xcassets in Resources */,
			);
			runOnlyForDeploymentPostprocessing = 0;
		};
		E500DB811B3C11610095EFF2 /* Resources */ = {
			isa = PBXResourcesBuildPhase;
			buildActionMask = 2147483647;
			files = (
			);
			runOnlyForDeploymentPostprocessing = 0;
		};
/* End PBXResourcesBuildPhase section */

/* Begin PBXSourcesBuildPhase section */
		E500DB6A1B3C11610095EFF2 /* Sources */ = {
			isa = PBXSourcesBuildPhase;
			buildActionMask = 2147483647;
			files = (
				E500DB761B3C11610095EFF2 /* ViewController.swift in Sources */,
				E500DB741B3C11610095EFF2 /* AppDelegate.swift in Sources */,
			);
			runOnlyForDeploymentPostprocessing = 0;
		};
		E500DB7F1B3C11610095EFF2 /* Sources */ = {
			isa = PBXSourcesBuildPhase;
			buildActionMask = 2147483647;
			files = (
				E500DB8A1B3C11610095EFF2 /* ShowAlertViewTests.swift in Sources */,
			);
			runOnlyForDeploymentPostprocessing = 0;
		};
/* End PBXSourcesBuildPhase section */

/* Begin PBXTargetDependency section */
		E500DB851B3C11610095EFF2 /* PBXTargetDependency */ = {
			isa = PBXTargetDependency;
			target = E500DB6D1B3C11610095EFF2 /* ShowAlertView */;
			targetProxy = E500DB841B3C11610095EFF2 /* PBXContainerItemProxy */;
		};
/* End PBXTargetDependency section */

/* Begin PBXVariantGroup section */
		E500DB771B3C11610095EFF2 /* Main.storyboard */ = {
			isa = PBXVariantGroup;
			children = (
				E500DB781B3C11610095EFF2 /* Base */,
			);
			name = Main.storyboard;
			sourceTree = "<group>";
		};
		E500DB7C1B3C11610095EFF2 /* LaunchScreen.xib */ = {
			isa = PBXVariantGroup;
			children = (
				E500DB7D1B3C11610095EFF2 /* Base */,
			);
			name = LaunchScreen.xib;
			sourceTree = "<group>";
		};
/* End PBXVariantGroup section */

/* Begin XCBuildConfiguration section */
		E500DB8B1B3C11610095EFF2 /* Debug */ = {
			isa = XCBuildConfiguration;
			buildSettings = {
				ALWAYS_SEARCH_USER_PATHS = NO;
				CLANG_CXX_LANGUAGE_STANDARD = "gnu++0x";
				CLANG_CXX_LIBRARY = "libc++";
				CLANG_ENABLE_MODULES = YES;
				CLANG_ENABLE_OBJC_ARC = YES;
				CLANG_WARN_BOOL_CONVERSION = YES;
				CLANG_WARN_CONSTANT_CONVERSION = YES;
				CLANG_WARN_DIRECT_OBJC_ISA_USAGE = YES_ERROR;
				CLANG_WARN_EMPTY_BODY = YES;
				CLANG_WARN_ENUM_CONVERSION = YES;
				CLANG_WARN_INT_CONVERSION = YES;
				CLANG_WARN_OBJC_ROOT_CLASS = YES_ERROR;
				CLANG_WARN_UNREACHABLE_CODE = YES;
				CLANG_WARN__DUPLICATE_METHOD_MATCH = YES;
				"CODE_SIGN_IDENTITY[sdk=iphoneos*]" = "iPhone Developer";
				COPY_PHASE_STRIP = NO;
				DEBUG_INFORMATION_FORMAT = "dwarf-with-dsym";
				ENABLE_STRICT_OBJC_MSGSEND = YES;
				GCC_C_LANGUAGE_STANDARD = gnu99;
				GCC_DYNAMIC_NO_PIC = NO;
				GCC_NO_COMMON_BLOCKS = YES;
				GCC_OPTIMIZATION_LEVEL = 0;
				GCC_PREPROCESSOR_DEFINITIONS = (
					"DEBUG=1",
					"$(inherited)",
				);
				GCC_SYMBOLS_PRIVATE_EXTERN = NO;
				GCC_WARN_64_TO_32_BIT_CONVERSION = YES;
				GCC_WARN_ABOUT_RETURN_TYPE = YES_ERROR;
				GCC_WARN_UNDECLARED_SELECTOR = YES;
				GCC_WARN_UNINITIALIZED_AUTOS = YES_AGGRESSIVE;
				GCC_WARN_UNUSED_FUNCTION = YES;
				GCC_WARN_UNUSED_VARIABLE = YES;
				IPHONEOS_DEPLOYMENT_TARGET = 8.3;
				MTL_ENABLE_DEBUG_INFO = YES;
				ONLY_ACTIVE_ARCH = YES;
				SDKROOT = iphoneos;
				SWIFT_OPTIMIZATION_LEVEL = "-Onone";
			};
			name = Debug;
		};
		E500DB8C1B3C11610095EFF2 /* Release */ = {
			isa = XCBuildConfiguration;
			buildSettings = {
				ALWAYS_SEARCH_USER_PATHS = NO;
				CLANG_CXX_LANGUAGE_STANDARD = "gnu++0x";
				CLANG_CXX_LIBRARY = "libc++";
				CLANG_ENABLE_MODULES = YES;
				CLANG_ENABLE_OBJC_ARC = YES;
				CLANG_WARN_BOOL_CONVERSION = YES;
				CLANG_WARN_CONSTANT_CONVERSION = YES;
				CLANG_WARN_DIRECT_OBJC_ISA_USAGE = YES_ERROR;
				CLANG_WARN_EMPTY_BODY = YES;
				CLANG_WARN_ENUM_CONVERSION = YES;
				CLANG_WARN_INT_CONVERSION = YES;
				CLANG_WARN_OBJC_ROOT_CLASS = YES_ERROR;
				CLANG_WARN_UNREACHABLE_CODE = YES;
				CLANG_WARN__DUPLICATE_METHOD_MATCH = YES;
				"CODE_SIGN_IDENTITY[sdk=iphoneos*]" = "iPhone Developer";
				COPY_PHASE_STRIP = NO;
				DEBUG_INFORMATION_FORMAT = "dwarf-with-dsym";
				ENABLE_NS_ASSERTIONS = NO;
				ENABLE_STRICT_OBJC_MSGSEND = YES;
				GCC_C_LANGUAGE_STANDARD = gnu99;
				GCC_NO_COMMON_BLOCKS = YES;
				GCC_WARN_64_TO_32_BIT_CONVERSION = YES;
				GCC_WARN_ABOUT_RETURN_TYPE = YES_ERROR;
				GCC_WARN_UNDECLARED_SELECTOR = YES;
				GCC_WARN_UNINITIALIZED_AUTOS = YES_AGGRESSIVE;
				GCC_WARN_UNUSED_FUNCTION = YES;
				GCC_WARN_UNUSED_VARIABLE = YES;
				IPHONEOS_DEPLOYMENT_TARGET = 8.3;
				MTL_ENABLE_DEBUG_INFO = NO;
				SDKROOT = iphoneos;
				VALIDATE_PRODUCT = YES;
			};
			name = Release;
		};
		E500DB8E1B3C11610095EFF2 /* Debug */ = {
			isa = XCBuildConfiguration;
			buildSettings = {
				ASSETCATALOG_COMPILER_APPICON_NAME = AppIcon;
				INFOPLIST_FILE = ShowAlertView/Info.plist;
				LD_RUNPATH_SEARCH_PATHS = "$(inherited) @executable_path/Frameworks";
				PRODUCT_NAME = "$(TARGET_NAME)";
			};
			name = Debug;
		};
		E500DB8F1B3C11610095EFF2 /* Release */ = {
			isa = XCBuildConfiguration;
			buildSettings = {
				ASSETCATALOG_COMPILER_APPICON_NAME = AppIcon;
				INFOPLIST_FILE = ShowAlertView/Info.plist;
				LD_RUNPATH_SEARCH_PATHS = "$(inherited) @executable_path/Frameworks";
				PRODUCT_NAME = "$(TARGET_NAME)";
			};
			name = Release;
		};
		E500DB911B3C11610095EFF2 /* Debug */ = {
			isa = XCBuildConfiguration;
			buildSettings = {
				BUNDLE_LOADER = "$(TEST_HOST)";
				FRAMEWORK_SEARCH_PATHS = (
					"$(SDKROOT)/Developer/Library/Frameworks",
					"$(inherited)",
				);
				GCC_PREPROCESSOR_DEFINITIONS = (
					"DEBUG=1",
					"$(inherited)",
				);
				INFOPLIST_FILE = ShowAlertViewTests/Info.plist;
				LD_RUNPATH_SEARCH_PATHS = "$(inherited) @executable_path/Frameworks @loader_path/Frameworks";
				PRODUCT_NAME = "$(TARGET_NAME)";
				TEST_HOST = "$(BUILT_PRODUCTS_DIR)/ShowAlertView.app/ShowAlertView";
			};
			name = Debug;
		};
		E500DB921B3C11610095EFF2 /* Release */ = {
			isa = XCBuildConfiguration;
			buildSettings = {
				BUNDLE_LOADER = "$(TEST_HOST)";
				FRAMEWORK_SEARCH_PATHS = (
					"$(SDKROOT)/Developer/Library/Frameworks",
					"$(inherited)",
				);
				INFOPLIST_FILE = ShowAlertViewTests/Info.plist;
				LD_RUNPATH_SEARCH_PATHS = "$(inherited) @executable_path/Frameworks @loader_path/Frameworks";
				PRODUCT_NAME = "$(TARGET_NAME)";
				TEST_HOST = "$(BUILT_PRODUCTS_DIR)/ShowAlertView.app/ShowAlertView";
			};
			name = Release;
		};
/* End XCBuildConfiguration section */

/* Begin XCConfigurationList section */
		E500DB691B3C11610095EFF2 /* Build configuration list for PBXProject "ShowAlertView" */ = {
			isa = XCConfigurationList;
			buildConfigurations = (
				E500DB8B1B3C11610095EFF2 /* Debug */,
				E500DB8C1B3C11610095EFF2 /* Release */,
			);
			defaultConfigurationIsVisible = 0;
			defaultConfigurationName = Release;
		};
		E500DB8D1B3C11610095EFF2 /* Build configuration list for PBXNativeTarget "ShowAlertView" */ = {
			isa = XCConfigurationList;
			buildConfigurations = (
				E500DB8E1B3C11610095EFF2 /* Debug */,
				E500DB8F1B3C11610095EFF2 /* Release */,
			);
			defaultConfigurationIsVisible = 0;
		};
		E500DB901B3C11610095EFF2 /* Build configuration list for PBXNativeTarget "ShowAlertViewTests" */ = {
			isa = XCConfigurationList;
			buildConfigurations = (
				E500DB911B3C11610095EFF2 /* Debug */,
				E500DB921B3C11610095EFF2 /* Release */,
			);
			defaultConfigurationIsVisible = 0;
		};
/* End XCConfigurationList section */
	};
	rootObject = E500DB661B3C11610095EFF2 /* Project object */;
}
